
Microsoft Visual Studio Solution File, Format Version 12.00
# Visual Studio Version 17
VisualStudioVersion = 17.5.33103.201
MinimumVisualStudioVersion = 10.0.40219.1
Project("{A2FD25FF-71D7-4C08-8FE2-B13D3551CAE5}") = "Tabavoco", "Tabavoco.csproj", "{E9B31C06-8326-4198-9EC1-555304A8D959}"
EndProject
Global
	GlobalSection(SolutionConfigurationPlatforms) = preSolution
		Debug|AnyCPU = Debug|AnyCPU
		Release|AnyCPU = Release|AnyCPU
	EndGlobalSection
	GlobalSection(ProjectConfigurationPlatforms) = postSolution
		{E9B31C06-8326-4198-9EC1-555304A8D959}.Debug|AnyCPU.ActiveCfg = Debug|AnyCPU
		{E9B31C06-8326-4198-9EC1-555304A8D959}.Debug|AnyCPU.Build.0 = Debug|AnyCPU
		{E9B31C06-8326-4198-9EC1-555304A8D959}.Release|AnyCPU.ActiveCfg = Release|AnyCPU
		{E9B31C06-8326-4198-9EC1-555304A8D959}.Release|AnyCPU.Build.0 = Release|AnyCPU
	EndGlobalSection
	GlobalSection(SolutionProperties) = preSolution
		HideSolutionNode = FALSE
	EndGlobalSection
	GlobalSection(ExtensibilityGlobals) = postSolution
		SolutionGuid = {04ED462F-56F7-4B8F-8BB3-525EBB88B7C4}
	EndGlobalSection
EndGlobal
